# This file is automatically @generated by Cargo.
# It is not intended for manual editing.
[[package]]
name = "render-hex"
version = "0.1.0"
dependencies = [
 "svg",
]

[[package]]
name = "svg"
version = "0.6.0"
source = "registry+https://github.com/rust-lang/crates.io-index"
checksum = "1f57a11872ea3f38eb99622ef7877fe207b3eeefbe877a49f08f9995d00f34a5"
